
Microsoft Visual Studio Solution File, Format Version 12.00
# Visual Studio Version 17
VisualStudioVersion = 17.7.34003.232
MinimumVisualStudioVersion = 10.0.40219.1
Project("{9A19103F-16F7-4668-BE54-9A1E7A4F7556}") = "BlazingShop", "BlazingShop.csproj", "{C91EA13B-C2A5-4069-9899-3186AB3044C1}"
EndProject
Global
	GlobalSection(SolutionConfigurationPlatforms) = preSolution
		Debug|Any CPU = Debug|Any CPU
		Release|Any CPU = Release|Any CPU
	EndGlobalSection
	GlobalSection(ProjectConfigurationPlatforms) = postSolution
		{C91EA13B-C2A5-4069-9899-3186AB3044C1}.Debug|Any CPU.ActiveCfg = Debug|Any CPU
		{C91EA13B-C2A5-4069-9899-3186AB3044C1}.Debug|Any CPU.Build.0 = Debug|Any CPU
		{C91EA13B-C2A5-4069-9899-3186AB3044C1}.Release|Any CPU.ActiveCfg = Release|Any CPU
		{C91EA13B-C2A5-4069-9899-3186AB3044C1}.Release|Any CPU.Build.0 = Release|Any CPU
	EndGlobalSection
	GlobalSection(SolutionProperties) = preSolution
		HideSolutionNode = FALSE
	EndGlobalSection
	GlobalSection(ExtensibilityGlobals) = postSolution
		SolutionGuid = {729F2195-2309-41D3-A9FF-44BC58768F9A}
	EndGlobalSection
EndGlobal
